// !$*UTF8*$!
{
	archiveVersion = 1;
	classes = {
	};
	objectVersion = 50;
	objects = {

/* Begin PBXBuildFile section */
		BC81DBA024A2EBAB00C05F41 /* AppDelegate.m in Sources */ = {isa = PBXBuildFile; fileRef = BC81DB9F24A2EBAB00C05F41 /* AppDelegate.m */; };
		BC81DBA324A2EBAB00C05F41 /* SceneDelegate.m in Sources */ = {isa = PBXBuildFile; fileRef = BC81DBA224A2EBAB00C05F41 /* SceneDelegate.m */; };
		BC81DBA624A2EBAB00C05F41 /* ViewController.m in Sources */ = {isa = PBXBuildFile; fileRef = BC81DBA524A2EBAB00C05F41 /* ViewController.m */; };
		BC81DBA924A2EBAB00C05F41 /* Main.storyboard in Resources */ = {isa = PBXBuildFile; fileRef = BC81DBA724A2EBAB00C05F41 /* Main.storyboard */; };
		BC81DBAB24A2EBAC00C05F41 /* Assets.xcassets in Resources */ = {isa = PBXBuildFile; fileRef = BC81DBAA24A2EBAC00C05F41 /* Assets.xcassets */; };
		BC81DBAE24A2EBAC00C05F41 /* LaunchScreen.storyboard in Resources */ = {isa = PBXBuildFile; fileRef = BC81DBAC24A2EBAC00C05F41 /* LaunchScreen.storyboard */; };
		BC81DBB124A2EBAC00C05F41 /* main.m in Sources */ = {isa = PBXBuildFile; fileRef = BC81DBB024A2EBAC00C05F41 /* main.m */; };
		BC81DBBB24A2EBAC00C05F41 /* TipsterTests.m in Sources */ = {isa = PBXBuildFile; fileRef = BC81DBBA24A2EBAC00C05F41 /* TipsterTests.m */; };
		BC81DBC624A2EBAC00C05F41 /* TipsterUITests.m in Sources */ = {isa = PBXBuildFile; fileRef = BC81DBC524A2EBAC00C05F41 /* TipsterUITests.m */; };
/* End PBXBuildFile section */

/* Begin PBXContainerItemProxy section */
		BC81DBB724A2EBAC00C05F41 /* PBXContainerItemProxy */ = {
			isa = PBXContainerItemProxy;
			containerPortal = BC81DB9324A2EBAB00C05F41 /* Project object */;
			proxyType = 1;
			remoteGlobalIDString = BC81DB9A24A2EBAB00C05F41;
			remoteInfo = Tipster;
		};
		BC81DBC224A2EBAC00C05F41 /* PBXContainerItemProxy */ = {
			isa = PBXContainerItemProxy;
			containerPortal = BC81DB9324A2EBAB00C05F41 /* Project object */;
			proxyType = 1;
			remoteGlobalIDString = BC81DB9A24A2EBAB00C05F41;
			remoteInfo = Tipster;
		};
/* End PBXContainerItemProxy section */

/* Begin PBXFileReference section */
		BC81DB9B24A2EBAB00C05F41 /* Tipster.app */ = {isa = PBXFileReference; explicitFileType = wrapper.application; includeInIndex = 0; path = Tipster.app; sourceTree = BUILT_PRODUCTS_DIR; };
		BC81DB9E24A2EBAB00C05F41 /* AppDelegate.h */ = {isa = PBXFileReference; lastKnownFileType = sourcecode.c.h; path = AppDelegate.h; sourceTree = "<group>"; };
		BC81DB9F24A2EBAB00C05F41 /* AppDelegate.m */ = {isa = PBXFileReference; lastKnownFileType = sourcecode.c.objc; path = AppDelegate.m; sourceTree = "<group>"; };
		BC81DBA124A2EBAB00C05F41 /* SceneDelegate.h */ = {isa = PBXFileReference; lastKnownFileType = sourcecode.c.h; path = SceneDelegate.h; sourceTree = "<group>"; };
		BC81DBA224A2EBAB00C05F41 /* SceneDelegate.m */ = {isa = PBXFileReference; lastKnownFileType = sourcecode.c.objc; path = SceneDelegate.m; sourceTree = "<group>"; };
		BC81DBA424A2EBAB00C05F41 /* ViewController.h */ = {isa = PBXFileReference; lastKnownFileType = sourcecode.c.h; path = ViewController.h; sourceTree = "<group>"; };
		BC81DBA524A2EBAB00C05F41 /* ViewController.m */ = {isa = PBXFileReference; lastKnownFileType = sourcecode.c.objc; path = ViewController.m; sourceTree = "<group>"; };
		BC81DBA824A2EBAB00C05F41 /* Base */ = {isa = PBXFileReference; lastKnownFileType = file.storyboard; name = Base; path = Base.lproj/Main.storyboard; sourceTree = "<group>"; };
		BC81DBAA24A2EBAC00C05F41 /* Assets.xcassets */ = {isa = PBXFileReference; lastKnownFileType = folder.assetcatalog; path = Assets.xcassets; sourceTree = "<group>"; };
		BC81DBAD24A2EBAC00C05F41 /* Base */ = {isa = PBXFileReference; lastKnownFileType = file.storyboard; name = Base; path = Base.lproj/LaunchScreen.storyboard; sourceTree = "<group>"; };
		BC81DBAF24A2EBAC00C05F41 /* Info.plist */ = {isa = PBXFileReference; lastKnownFileType = text.plist.xml; path = Info.plist; sourceTree = "<group>"; };
		BC81DBB024A2EBAC00C05F41 /* main.m */ = {isa = PBXFileReference; lastKnownFileType = sourcecode.c.objc; path = main.m; sourceTree = "<group>"; };
		BC81DBB624A2EBAC00C05F41 /* TipsterTests.xctest */ = {isa = PBXFileReference; explicitFileType = wrapper.cfbundle; includeInIndex = 0; path = TipsterTests.xctest; sourceTree = BUILT_PRODUCTS_DIR; };
		BC81DBBA24A2EBAC00C05F41 /* TipsterTests.m */ = {isa = PBXFileReference; lastKnownFileType = sourcecode.c.objc; path = TipsterTests.m; sourceTree = "<group>"; };
		BC81DBBC24A2EBAC00C05F41 /* Info.plist */ = {isa = PBXFileReference; lastKnownFileType = text.plist.xml; path = Info.plist; sourceTree = "<group>"; };
		BC81DBC124A2EBAC00C05F41 /* TipsterUITests.xctest */ = {isa = PBXFileReference; explicitFileType = wrapper.cfbundle; includeInIndex = 0; path = TipsterUITests.xctest; sourceTree = BUILT_PRODUCTS_DIR; };
		BC81DBC524A2EBAC00C05F41 /* TipsterUITests.m */ = {isa = PBXFileReference; lastKnownFileType = sourcecode.c.objc; path = TipsterUITests.m; sourceTree = "<group>"; };
		BC81DBC724A2EBAC00C05F41 /* Info.plist */ = {isa = PBXFileReference; lastKnownFileType = text.plist.xml; path = Info.plist; sourceTree = "<group>"; };
/* End PBXFileReference section */

/* Begin PBXFrameworksBuildPhase section */
		BC81DB9824A2EBAB00C05F41 /* Frameworks */ = {
			isa = PBXFrameworksBuildPhase;
			buildActionMask = 2147483647;
			files = (
			);
			runOnlyForDeploymentPostprocessing = 0;
		};
		BC81DBB324A2EBAC00C05F41 /* Frameworks */ = {
			isa = PBXFrameworksBuildPhase;
			buildActionMask = 2147483647;
			files = (
			);
			runOnlyForDeploymentPostprocessing = 0;
		};
		BC81DBBE24A2EBAC00C05F41 /* Frameworks */ = {
			isa = PBXFrameworksBuildPhase;
			buildActionMask = 2147483647;
			files = (
			);
			runOnlyForDeploymentPostprocessing = 0;
		};
/* End PBXFrameworksBuildPhase section */

/* Begin PBXGroup section */
		BC81DB9224A2EBAB00C05F41 = {
			isa = PBXGroup;
			children = (
				BC81DB9D24A2EBAB00C05F41 /* Tipster */,
				BC81DBB924A2EBAC00C05F41 /* TipsterTests */,
				BC81DBC424A2EBAC00C05F41 /* TipsterUITests */,
				BC81DB9C24A2EBAB00C05F41 /* Products */,
			);
			sourceTree = "<group>";
		};
		BC81DB9C24A2EBAB00C05F41 /* Products */ = {
			isa = PBXGroup;
			children = (
				BC81DB9B24A2EBAB00C05F41 /* Tipster.app */,
				BC81DBB624A2EBAC00C05F41 /* TipsterTests.xctest */,
				BC81DBC124A2EBAC00C05F41 /* TipsterUITests.xctest */,
			);
			name = Products;
			sourceTree = "<group>";
		};
		BC81DB9D24A2EBAB00C05F41 /* Tipster */ = {
			isa = PBXGroup;
			children = (
				BC81DB9E24A2EBAB00C05F41 /* AppDelegate.h */,
				BC81DB9F24A2EBAB00C05F41 /* AppDelegate.m */,
				BC81DBA124A2EBAB00C05F41 /* SceneDelegate.h */,
				BC81DBA224A2EBAB00C05F41 /* SceneDelegate.m */,
				BC81DBA424A2EBAB00C05F41 /* ViewController.h */,
				BC81DBA524A2EBAB00C05F41 /* ViewController.m */,
				BC81DBA724A2EBAB00C05F41 /* Main.storyboard */,
				BC81DBAA24A2EBAC00C05F41 /* Assets.xcassets */,
				BC81DBAC24A2EBAC00C05F41 /* LaunchScreen.storyboard */,
				BC81DBAF24A2EBAC00C05F41 /* Info.plist */,
				BC81DBB024A2EBAC00C05F41 /* main.m */,
			);
			path = Tipster;
			sourceTree = "<group>";
		};
		BC81DBB924A2EBAC00C05F41 /* TipsterTests */ = {
			isa = PBXGroup;
			children = (
				BC81DBBA24A2EBAC00C05F41 /* TipsterTests.m */,
				BC81DBBC24A2EBAC00C05F41 /* Info.plist */,
			);
			path = TipsterTests;
			sourceTree = "<group>";
		};
		BC81DBC424A2EBAC00C05F41 /* TipsterUITests */ = {
			isa = PBXGroup;
			children = (
				BC81DBC524A2EBAC00C05F41 /* TipsterUITests.m */,
				BC81DBC724A2EBAC00C05F41 /* Info.plist */,
			);
			path = TipsterUITests;
			sourceTree = "<group>";
		};
/* End PBXGroup section */

/* Begin PBXNativeTarget section */
		BC81DB9A24A2EBAB00C05F41 /* Tipster */ = {
			isa = PBXNativeTarget;
			buildConfigurationList = BC81DBCA24A2EBAC00C05F41 /* Build configuration list for PBXNativeTarget "Tipster" */;
			buildPhases = (
				BC81DB9724A2EBAB00C05F41 /* Sources */,
				BC81DB9824A2EBAB00C05F41 /* Frameworks */,
				BC81DB9924A2EBAB00C05F41 /* Resources */,
			);
			buildRules = (
			);
			dependencies = (
			);
			name = Tipster;
			productName = Tipster;
			productReference = BC81DB9B24A2EBAB00C05F41 /* Tipster.app */;
			productType = "com.apple.product-type.application";
		};
		BC81DBB524A2EBAC00C05F41 /* TipsterTests */ = {
			isa = PBXNativeTarget;
			buildConfigurationList = BC81DBCD24A2EBAC00C05F41 /* Build configuration list for PBXNativeTarget "TipsterTests" */;
			buildPhases = (
				BC81DBB224A2EBAC00C05F41 /* Sources */,
				BC81DBB324A2EBAC00C05F41 /* Frameworks */,
				BC81DBB424A2EBAC00C05F41 /* Resources */,
			);
			buildRules = (
			);
			dependencies = (
				BC81DBB824A2EBAC00C05F41 /* PBXTargetDependency */,
			);
			name = TipsterTests;
			productName = TipsterTests;
			productReference = BC81DBB624A2EBAC00C05F41 /* TipsterTests.xctest */;
			productType = "com.apple.product-type.bundle.unit-test";
		};
		BC81DBC024A2EBAC00C05F41 /* TipsterUITests */ = {
			isa = PBXNativeTarget;
			buildConfigurationList = BC81DBD024A2EBAC00C05F41 /* Build configuration list for PBXNativeTarget "TipsterUITests" */;
			buildPhases = (
				BC81DBBD24A2EBAC00C05F41 /* Sources */,
				BC81DBBE24A2EBAC00C05F41 /* Frameworks */,
				BC81DBBF24A2EBAC00C05F41 /* Resources */,
			);
			buildRules = (
			);
			dependencies = (
				BC81DBC324A2EBAC00C05F41 /* PBXTargetDependency */,
			);
			name = TipsterUITests;
			productName = TipsterUITests;
			productReference = BC81DBC124A2EBAC00C05F41 /* TipsterUITests.xctest */;
			productType = "com.apple.product-type.bundle.ui-testing";
		};
/* End PBXNativeTarget section */

/* Begin PBXProject section */
		BC81DB9324A2EBAB00C05F41 /* Project object */ = {
			isa = PBXProject;
			attributes = {
				LastUpgradeCheck = 1150;
				ORGANIZATIONNAME = "Divine Uchechukwu Linus";
				TargetAttributes = {
					BC81DB9A24A2EBAB00C05F41 = {
						CreatedOnToolsVersion = 11.5;
					};
					BC81DBB524A2EBAC00C05F41 = {
						CreatedOnToolsVersion = 11.5;
						TestTargetID = BC81DB9A24A2EBAB00C05F41;
					};
					BC81DBC024A2EBAC00C05F41 = {
						CreatedOnToolsVersion = 11.5;
						TestTargetID = BC81DB9A24A2EBAB00C05F41;
					};
				};
			};
			buildConfigurationList = BC81DB9624A2EBAB00C05F41 /* Build configuration list for PBXProject "Tipster" */;
			compatibilityVersion = "Xcode 9.3";
			developmentRegion = en;
			hasScannedForEncodings = 0;
			knownRegions = (
				en,
				Base,
			);
			mainGroup = BC81DB9224A2EBAB00C05F41;
			productRefGroup = BC81DB9C24A2EBAB00C05F41 /* Products */;
			projectDirPath = "";
			projectRoot = "";
			targets = (
				BC81DB9A24A2EBAB00C05F41 /* Tipster */,
				BC81DBB524A2EBAC00C05F41 /* TipsterTests */,
				BC81DBC024A2EBAC00C05F41 /* TipsterUITests */,
			);
		};
/* End PBXProject section */

/* Begin PBXResourcesBuildPhase section */
		BC81DB9924A2EBAB00C05F41 /* Resources */ = {
			isa = PBXResourcesBuildPhase;
			buildActionMask = 2147483647;
			files = (
				BC81DBAE24A2EBAC00C05F41 /* LaunchScreen.storyboard in Resources */,
				BC81DBAB24A2EBAC00C05F41 /* Assets.xcassets in Resources */,
				BC81DBA924A2EBAB00C05F41 /* Main.storyboard in Resources */,
			);
			runOnlyForDeploymentPostprocessing = 0;
		};
		BC81DBB424A2EBAC00C05F41 /* Resources */ = {
			isa = PBXResourcesBuildPhase;
			buildActionMask = 2147483647;
			files = (
			);
			runOnlyForDeploymentPostprocessing = 0;
		};
		BC81DBBF24A2EBAC00C05F41 /* Resources */ = {
			isa = PBXResourcesBuildPhase;
			buildActionMask = 2147483647;
			files = (
			);
			runOnlyForDeploymentPostprocessing = 0;
		};
/* End PBXResourcesBuildPhase section */

/* Begin PBXSourcesBuildPhase section */
		BC81DB9724A2EBAB00C05F41 /* Sources */ = {
			isa = PBXSourcesBuildPhase;
			buildActionMask = 2147483647;
			files = (
				BC81DBA624A2EBAB00C05F41 /* ViewController.m in Sources */,
				BC81DBA024A2EBAB00C05F41 /* AppDelegate.m in Sources */,
				BC81DBB124A2EBAC00C05F41 /* main.m in Sources */,
				BC81DBA324A2EBAB00C05F41 /* SceneDelegate.m in Sources */,
			);
			runOnlyForDeploymentPostprocessing = 0;
		};
		BC81DBB224A2EBAC00C05F41 /* Sources */ = {
			isa = PBXSourcesBuildPhase;
			buildActionMask = 2147483647;
			files = (
				BC81DBBB24A2EBAC00C05F41 /* TipsterTests.m in Sources */,
			);
			runOnlyForDeploymentPostprocessing = 0;
		};
		BC81DBBD24A2EBAC00C05F41 /* Sources */ = {
			isa = PBXSourcesBuildPhase;
			buildActionMask = 2147483647;
			files = (
				BC81DBC624A2EBAC00C05F41 /* TipsterUITests.m in Sources */,
			);
			runOnlyForDeploymentPostprocessing = 0;
		};
/* End PBXSourcesBuildPhase section */

/* Begin PBXTargetDependency section */
		BC81DBB824A2EBAC00C05F41 /* PBXTargetDependency */ = {
			isa = PBXTargetDependency;
			target = BC81DB9A24A2EBAB00C05F41 /* Tipster */;
			targetProxy = BC81DBB724A2EBAC00C05F41 /* PBXContainerItemProxy */;
		};
		BC81DBC324A2EBAC00C05F41 /* PBXTargetDependency */ = {
			isa = PBXTargetDependency;
			target = BC81DB9A24A2EBAB00C05F41 /* Tipster */;
			targetProxy = BC81DBC224A2EBAC00C05F41 /* PBXContainerItemProxy */;
		};
/* End PBXTargetDependency section */

/* Begin PBXVariantGroup section */
		BC81DBA724A2EBAB00C05F41 /* Main.storyboard */ = {
			isa = PBXVariantGroup;
			children = (
				BC81DBA824A2EBAB00C05F41 /* Base */,
			);
			name = Main.storyboard;
			sourceTree = "<group>";
		};
		BC81DBAC24A2EBAC00C05F41 /* LaunchScreen.storyboard */ = {
			isa = PBXVariantGroup;
			children = (
				BC81DBAD24A2EBAC00C05F41 /* Base */,
			);
			name = LaunchScreen.storyboard;
			sourceTree = "<group>";
		};
/* End PBXVariantGroup section */

/* Begin XCBuildConfiguration section */
		BC81DBC824A2EBAC00C05F41 /* Debug */ = {
			isa = XCBuildConfiguration;
			buildSettings = {
				ALWAYS_SEARCH_USER_PATHS = NO;
				CLANG_ANALYZER_NONNULL = YES;
				CLANG_ANALYZER_NUMBER_OBJECT_CONVERSION = YES_AGGRESSIVE;
				CLANG_CXX_LANGUAGE_STANDARD = "gnu++14";
				CLANG_CXX_LIBRARY = "libc++";
				CLANG_ENABLE_MODULES = YES;
				CLANG_ENABLE_OBJC_ARC = YES;
				CLANG_ENABLE_OBJC_WEAK = YES;
				CLANG_WARN_BLOCK_CAPTURE_AUTORELEASING = YES;
				CLANG_WARN_BOOL_CONVERSION = YES;
				CLANG_WARN_COMMA = YES;
				CLANG_WARN_CONSTANT_CONVERSION = YES;
				CLANG_WARN_DEPRECATED_OBJC_IMPLEMENTATIONS = YES;
				CLANG_WARN_DIRECT_OBJC_ISA_USAGE = YES_ERROR;
				CLANG_WARN_DOCUMENTATION_COMMENTS = YES;
				CLANG_WARN_EMPTY_BODY = YES;
				CLANG_WARN_ENUM_CONVERSION = YES;
				CLANG_WARN_INFINITE_RECURSION = YES;
				CLANG_WARN_INT_CONVERSION = YES;
				CLANG_WARN_NON_LITERAL_NULL_CONVERSION = YES;
				CLANG_WARN_OBJC_IMPLICIT_RETAIN_SELF = YES;
				CLANG_WARN_OBJC_LITERAL_CONVERSION = YES;
				CLANG_WARN_OBJC_ROOT_CLASS = YES_ERROR;
				CLANG_WARN_RANGE_LOOP_ANALYSIS = YES;
				CLANG_WARN_STRICT_PROTOTYPES = YES;
				CLANG_WARN_SUSPICIOUS_MOVE = YES;
				CLANG_WARN_UNGUARDED_AVAILABILITY = YES_AGGRESSIVE;
				CLANG_WARN_UNREACHABLE_CODE = YES;
				CLANG_WARN__DUPLICATE_METHOD_MATCH = YES;
				COPY_PHASE_STRIP = NO;
				DEBUG_INFORMATION_FORMAT = dwarf;
				ENABLE_STRICT_OBJC_MSGSEND = YES;
				ENABLE_TESTABILITY = YES;
				GCC_C_LANGUAGE_STANDARD = gnu11;
				GCC_DYNAMIC_NO_PIC = NO;
				GCC_NO_COMMON_BLOCKS = YES;
				GCC_OPTIMIZATION_LEVEL = 0;
				GCC_PREPROCESSOR_DEFINITIONS = (
					"DEBUG=1",
					"$(inherited)",
				);
				GCC_WARN_64_TO_32_BIT_CONVERSION = YES;
				GCC_WARN_ABOUT_RETURN_TYPE = YES_ERROR;
				GCC_WARN_UNDECLARED_SELECTOR = YES;
				GCC_WARN_UNINITIALIZED_AUTOS = YES_AGGRESSIVE;
				GCC_WARN_UNUSED_FUNCTION = YES;
				GCC_WARN_UNUSED_VARIABLE = YES;
				IPHONEOS_DEPLOYMENT_TARGET = 13.5;
				MTL_ENABLE_DEBUG_INFO = INCLUDE_SOURCE;
				MTL_FAST_MATH = YES;
				ONLY_ACTIVE_ARCH = YES;
				SDKROOT = iphoneos;
			};
			name = Debug;
		};
		BC81DBC924A2EBAC00C05F41 /* Release */ = {
			isa = XCBuildConfiguration;
			buildSettings = {
				ALWAYS_SEARCH_USER_PATHS = NO;
				CLANG_ANALYZER_NONNULL = YES;
				CLANG_ANALYZER_NUMBER_OBJECT_CONVERSION = YES_AGGRESSIVE;
				CLANG_CXX_LANGUAGE_STANDARD = "gnu++14";
				CLANG_CXX_LIBRARY = "libc++";
				CLANG_ENABLE_MODULES = YES;
				CLANG_ENABLE_OBJC_ARC = YES;
				CLANG_ENABLE_OBJC_WEAK = YES;
				CLANG_WARN_BLOCK_CAPTURE_AUTORELEASING = YES;
				CLANG_WARN_BOOL_CONVERSION = YES;
				CLANG_WARN_COMMA = YES;
				CLANG_WARN_CONSTANT_CONVERSION = YES;
				CLANG_WARN_DEPRECATED_OBJC_IMPLEMENTATIONS = YES;
				CLANG_WARN_DIRECT_OBJC_ISA_USAGE = YES_ERROR;
				CLANG_WARN_DOCUMENTATION_COMMENTS = YES;
				CLANG_WARN_EMPTY_BODY = YES;
				CLANG_WARN_ENUM_CONVERSION = YES;
				CLANG_WARN_INFINITE_RECURSION = YES;
				CLANG_WARN_INT_CONVERSION = YES;
				CLANG_WARN_NON_LITERAL_NULL_CONVERSION = YES;
				CLANG_WARN_OBJC_IMPLICIT_RETAIN_SELF = YES;
				CLANG_WARN_OBJC_LITERAL_CONVERSION = YES;
				CLANG_WARN_OBJC_ROOT_CLASS = YES_ERROR;
				CLANG_WARN_RANGE_LOOP_ANALYSIS = YES;
				CLANG_WARN_STRICT_PROTOTYPES = YES;
				CLANG_WARN_SUSPICIOUS_MOVE = YES;
				CLANG_WARN_UNGUARDED_AVAILABILITY = YES_AGGRESSIVE;
				CLANG_WARN_UNREACHABLE_CODE = YES;
				CLANG_WARN__DUPLICATE_METHOD_MATCH = YES;
				COPY_PHASE_STRIP = NO;
				DEBUG_INFORMATION_FORMAT = "dwarf-with-dsym";
				ENABLE_NS_ASSERTIONS = NO;
				ENABLE_STRICT_OBJC_MSGSEND = YES;
				GCC_C_LANGUAGE_STANDARD = gnu11;
				GCC_NO_COMMON_BLOCKS = YES;
				GCC_WARN_64_TO_32_BIT_CONVERSION = YES;
				GCC_WARN_ABOUT_RETURN_TYPE = YES_ERROR;
				GCC_WARN_UNDECLARED_SELECTOR = YES;
				GCC_WARN_UNINITIALIZED_AUTOS = YES_AGGRESSIVE;
				GCC_WARN_UNUSED_FUNCTION = YES;
				GCC_WARN_UNUSED_VARIABLE = YES;
				IPHONEOS_DEPLOYMENT_TARGET = 13.5;
				MTL_ENABLE_DEBUG_INFO = NO;
				MTL_FAST_MATH = YES;
				SDKROOT = iphoneos;
				VALIDATE_PRODUCT = YES;
			};
			name = Release;
		};
		BC81DBCB24A2EBAC00C05F41 /* Debug */ = {
			isa = XCBuildConfiguration;
			buildSettings = {
				ASSETCATALOG_COMPILER_APPICON_NAME = AppIcon;
				CODE_SIGN_STYLE = Automatic;
				DEVELOPMENT_TEAM = 44MG3J7294;
				INFOPLIST_FILE = Tipster/Info.plist;
				LD_RUNPATH_SEARCH_PATHS = (
					"$(inherited)",
					"@executable_path/Frameworks",
				);
				PRODUCT_BUNDLE_IDENTIFIER = com.Divine16.Tipster;
				PRODUCT_NAME = "$(TARGET_NAME)";
				TARGETED_DEVICE_FAMILY = "1,2";
			};
			name = Debug;
		};
		BC81DBCC24A2EBAC00C05F41 /* Release */ = {
			isa = XCBuildConfiguration;
			buildSettings = {
				ASSETCATALOG_COMPILER_APPICON_NAME = AppIcon;
				CODE_SIGN_STYLE = Automatic;
				DEVELOPMENT_TEAM = 44MG3J7294;
				INFOPLIST_FILE = Tipster/Info.plist;
				LD_RUNPATH_SEARCH_PATHS = (
					"$(inherited)",
					"@executable_path/Frameworks",
				);
				PRODUCT_BUNDLE_IDENTIFIER = com.Divine16.Tipster;
				PRODUCT_NAME = "$(TARGET_NAME)";
				TARGETED_DEVICE_FAMILY = "1,2";
			};
			name = Release;
		};
		BC81DBCE24A2EBAC00C05F41 /* Debug */ = {
			isa = XCBuildConfiguration;
			buildSettings = {
				BUNDLE_LOADER = "$(TEST_HOST)";
				CODE_SIGN_STYLE = Automatic;
				DEVELOPMENT_TEAM = 44MG3J7294;
				INFOPLIST_FILE = TipsterTests/Info.plist;
				IPHONEOS_DEPLOYMENT_TARGET = 13.5;
				LD_RUNPATH_SEARCH_PATHS = (
					"$(inherited)",
					"@executable_path/Frameworks",
					"@loader_path/Frameworks",
				);
				PRODUCT_BUNDLE_IDENTIFIER = com.Divine16.TipsterTests;
				PRODUCT_NAME = "$(TARGET_NAME)";
				TARGETED_DEVICE_FAMILY = "1,2";
				TEST_HOST = "$(BUILT_PRODUCTS_DIR)/Tipster.app/Tipster";
			};
			name = Debug;
		};
		BC81DBCF24A2EBAC00C05F41 /* Release */ = {
			isa = XCBuildConfiguration;
			buildSettings = {
				BUNDLE_LOADER = "$(TEST_HOST)";
				CODE_SIGN_STYLE = Automatic;
				DEVELOPMENT_TEAM = 44MG3J7294;
				INFOPLIST_FILE = TipsterTests/Info.plist;
				IPHONEOS_DEPLOYMENT_TARGET = 13.5;
				LD_RUNPATH_SEARCH_PATHS = (
					"$(inherited)",
					"@executable_path/Frameworks",
					"@loader_path/Frameworks",
				);
				PRODUCT_BUNDLE_IDENTIFIER = com.Divine16.TipsterTests;
				PRODUCT_NAME = "$(TARGET_NAME)";
				TARGETED_DEVICE_FAMILY = "1,2";
				TEST_HOST = "$(BUILT_PRODUCTS_DIR)/Tipster.app/Tipster";
			};
			name = Release;
		};
		BC81DBD124A2EBAC00C05F41 /* Debug */ = {
			isa = XCBuildConfiguration;
			buildSettings = {
				CODE_SIGN_STYLE = Automatic;
				DEVELOPMENT_TEAM = 44MG3J7294;
				INFOPLIST_FILE = TipsterUITests/Info.plist;
				LD_RUNPATH_SEARCH_PATHS = (
					"$(inherited)",
					"@executable_path/Frameworks",
					"@loader_path/Frameworks",
				);
				PRODUCT_BUNDLE_IDENTIFIER = com.Divine16.TipsterUITests;
				PRODUCT_NAME = "$(TARGET_NAME)";
				TARGETED_DEVICE_FAMILY = "1,2";
				TEST_TARGET_NAME = Tipster;
			};
			name = Debug;
		};
		BC81DBD224A2EBAC00C05F41 /* Release */ = {
			isa = XCBuildConfiguration;
			buildSettings = {
				CODE_SIGN_STYLE = Automatic;
				DEVELOPMENT_TEAM = 44MG3J7294;
				INFOPLIST_FILE = TipsterUITests/Info.plist;
				LD_RUNPATH_SEARCH_PATHS = (
					"$(inherited)",
					"@executable_path/Frameworks",
					"@loader_path/Frameworks",
				);
				PRODUCT_BUNDLE_IDENTIFIER = com.Divine16.TipsterUITests;
				PRODUCT_NAME = "$(TARGET_NAME)";
				TARGETED_DEVICE_FAMILY = "1,2";
				TEST_TARGET_NAME = Tipster;
			};
			name = Release;
		};
/* End XCBuildConfiguration section */

/* Begin XCConfigurationList section */
		BC81DB9624A2EBAB00C05F41 /* Build configuration list for PBXProject "Tipster" */ = {
			isa = XCConfigurationList;
			buildConfigurations = (
				BC81DBC824A2EBAC00C05F41 /* Debug */,
				BC81DBC924A2EBAC00C05F41 /* Release */,
			);
			defaultConfigurationIsVisible = 0;
			defaultConfigurationName = Release;
		};
		BC81DBCA24A2EBAC00C05F41 /* Build configuration list for PBXNativeTarget "Tipster" */ = {
			isa = XCConfigurationList;
			buildConfigurations = (
				BC81DBCB24A2EBAC00C05F41 /* Debug */,
				BC81DBCC24A2EBAC00C05F41 /* Release */,
			);
			defaultConfigurationIsVisible = 0;
			defaultConfigurationName = Release;
		};
		BC81DBCD24A2EBAC00C05F41 /* Build configuration list for PBXNativeTarget "TipsterTests" */ = {
			isa = XCConfigurationList;
			buildConfigurations = (
				BC81DBCE24A2EBAC00C05F41 /* Debug */,
				BC81DBCF24A2EBAC00C05F41 /* Release */,
			);
			defaultConfigurationIsVisible = 0;
			defaultConfigurationName = Release;
		};
		BC81DBD024A2EBAC00C05F41 /* Build configuration list for PBXNativeTarget "TipsterUITests" */ = {
			isa = XCConfigurationList;
			buildConfigurations = (
				BC81DBD124A2EBAC00C05F41 /* Debug */,
				BC81DBD224A2EBAC00C05F41 /* Release */,
			);
			defaultConfigurationIsVisible = 0;
			defaultConfigurationName = Release;
		};
/* End XCConfigurationList section */
	};
	rootObject = BC81DB9324A2EBAB00C05F41 /* Project object */;
}
